// !$*UTF8*$!
{
	archiveVersion = 1;
	classes = {
	};
	objectVersion = 51;
	objects = {

/* Begin PBXBuildFile section */
		DD1288F4248FA26D002B0BBE /* BorderView.swift in Sources */ = {isa = PBXBuildFile; fileRef = DD1288F3248FA26D002B0BBE /* BorderView.swift */; };
		DD1288F9248FA334002B0BBE /* CodeVerificationViewController.swift in Sources */ = {isa = PBXBuildFile; fileRef = DD1288F8248FA334002B0BBE /* CodeVerificationViewController.swift */; };
		DD1288FF248FA629002B0BBE /* SetUpTextFieldDelegates.swift in Sources */ = {isa = PBXBuildFile; fileRef = DD1288FE248FA629002B0BBE /* SetUpTextFieldDelegates.swift */; };
		DD128905248FA6D8002B0BBE /* ResetUI.swift in Sources */ = {isa = PBXBuildFile; fileRef = DD128904248FA6D8002B0BBE /* ResetUI.swift */; };
		DD128907248FA71A002B0BBE /* UpdatePhoneNumber.swift in Sources */ = {isa = PBXBuildFile; fileRef = DD128906248FA71A002B0BBE /* UpdatePhoneNumber.swift */; };
		DD12890A248FA818002B0BBE /* FreeSpaceForKeyboard.swift in Sources */ = {isa = PBXBuildFile; fileRef = DD128909248FA818002B0BBE /* FreeSpaceForKeyboard.swift */; };
		DD12890C248FA832002B0BBE /* SetUpMainViewController.swift in Sources */ = {isa = PBXBuildFile; fileRef = DD12890B248FA832002B0BBE /* SetUpMainViewController.swift */; };
		DD12890F248FABAA002B0BBE /* PostRequest.swift in Sources */ = {isa = PBXBuildFile; fileRef = DD12890E248FABAA002B0BBE /* PostRequest.swift */; };
		DD46BB12248F9A350064A488 /* LogoImages.swift in Sources */ = {isa = PBXBuildFile; fileRef = DD46BB11248F9A350064A488 /* LogoImages.swift */; };
		DD59BC03248ECA1B009FE831 /* AppDelegate.swift in Sources */ = {isa = PBXBuildFile; fileRef = DD59BC02248ECA1B009FE831 /* AppDelegate.swift */; };
		DD59BC07248ECA1B009FE831 /* MainViewController.swift in Sources */ = {isa = PBXBuildFile; fileRef = DD59BC06248ECA1B009FE831 /* MainViewController.swift */; };
		DD59BC0A248ECA1B009FE831 /* Main.storyboard in Resources */ = {isa = PBXBuildFile; fileRef = DD59BC08248ECA1B009FE831 /* Main.storyboard */; };
		DD59BC0C248ECA1C009FE831 /* Assets.xcassets in Resources */ = {isa = PBXBuildFile; fileRef = DD59BC0B248ECA1C009FE831 /* Assets.xcassets */; };
		DD59BC0F248ECA1C009FE831 /* LaunchScreen.storyboard in Resources */ = {isa = PBXBuildFile; fileRef = DD59BC0D248ECA1C009FE831 /* LaunchScreen.storyboard */; };
		DD59BC18248ED7FA009FE831 /* CountryFlag.swift in Sources */ = {isa = PBXBuildFile; fileRef = DD59BC17248ED7FA009FE831 /* CountryFlag.swift */; };
		DD915B9B248F27550086E8CC /* UserCredentials.swift in Sources */ = {isa = PBXBuildFile; fileRef = DD915B9A248F27550086E8CC /* UserCredentials.swift */; };
		DD915BC5248F4E640086E8CC /* GetImage.swift in Sources */ = {isa = PBXBuildFile; fileRef = DD915BC4248F4E640086E8CC /* GetImage.swift */; };
		DD915BD1248F69C90086E8CC /* PhoneNumberConverter.swift in Sources */ = {isa = PBXBuildFile; fileRef = DD915BD0248F69C90086E8CC /* PhoneNumberConverter.swift */; };
		DD915BD3248F7CC40086E8CC /* CodeTextField.swift in Sources */ = {isa = PBXBuildFile; fileRef = DD915BD2248F7CC40086E8CC /* CodeTextField.swift */; };
		DDB7DC21248F8800005B4228 /* SignInViewController.swift in Sources */ = {isa = PBXBuildFile; fileRef = DDB7DC20248F8800005B4228 /* SignInViewController.swift */; };
		DDD034F6248EE39000783279 /* ShadowButton.swift in Sources */ = {isa = PBXBuildFile; fileRef = DDD034F5248EE39000783279 /* ShadowButton.swift */; };
		DDF2A675248EF94800150E29 /* Font Awesome 5 Free-Solid-900.otf in Resources */ = {isa = PBXBuildFile; fileRef = DDF2A674248EF94800150E29 /* Font Awesome 5 Free-Solid-900.otf */; };
		F318944CC00B4CE878715748 /* Pods_SurpriseMe.framework in Frameworks */ = {isa = PBXBuildFile; fileRef = B113B394824FF8B0C6062C85 /* Pods_SurpriseMe.framework */; };
/* End PBXBuildFile section */

/* Begin PBXFileReference section */
		01DA5D6D74273A7FDC8F8450 /* Pods-SurpriseMe.debug.xcconfig */ = {isa = PBXFileReference; includeInIndex = 1; lastKnownFileType = text.xcconfig; name = "Pods-SurpriseMe.debug.xcconfig"; path = "Target Support Files/Pods-SurpriseMe/Pods-SurpriseMe.debug.xcconfig"; sourceTree = "<group>"; };
		103109A7E3F0BD0BED29A467 /* Pods-SurpriseMe.release.xcconfig */ = {isa = PBXFileReference; includeInIndex = 1; lastKnownFileType = text.xcconfig; name = "Pods-SurpriseMe.release.xcconfig"; path = "Target Support Files/Pods-SurpriseMe/Pods-SurpriseMe.release.xcconfig"; sourceTree = "<group>"; };
		B113B394824FF8B0C6062C85 /* Pods_SurpriseMe.framework */ = {isa = PBXFileReference; explicitFileType = wrapper.framework; includeInIndex = 0; path = Pods_SurpriseMe.framework; sourceTree = BUILT_PRODUCTS_DIR; };
		DD1288F3248FA26D002B0BBE /* BorderView.swift */ = {isa = PBXFileReference; lastKnownFileType = sourcecode.swift; path = BorderView.swift; sourceTree = "<group>"; };
		DD1288F8248FA334002B0BBE /* CodeVerificationViewController.swift */ = {isa = PBXFileReference; lastKnownFileType = sourcecode.swift; path = CodeVerificationViewController.swift; sourceTree = "<group>"; };
		DD1288FE248FA629002B0BBE /* SetUpTextFieldDelegates.swift */ = {isa = PBXFileReference; lastKnownFileType = sourcecode.swift; path = SetUpTextFieldDelegates.swift; sourceTree = "<group>"; };
		DD128904248FA6D8002B0BBE /* ResetUI.swift */ = {isa = PBXFileReference; lastKnownFileType = sourcecode.swift; path = ResetUI.swift; sourceTree = "<group>"; };
		DD128906248FA71A002B0BBE /* UpdatePhoneNumber.swift */ = {isa = PBXFileReference; lastKnownFileType = sourcecode.swift; path = UpdatePhoneNumber.swift; sourceTree = "<group>"; };
		DD128909248FA818002B0BBE /* FreeSpaceForKeyboard.swift */ = {isa = PBXFileReference; fileEncoding = 4; lastKnownFileType = sourcecode.swift; path = FreeSpaceForKeyboard.swift; sourceTree = "<group>"; };
		DD12890B248FA832002B0BBE /* SetUpMainViewController.swift */ = {isa = PBXFileReference; fileEncoding = 4; lastKnownFileType = sourcecode.swift; path = SetUpMainViewController.swift; sourceTree = "<group>"; };
		DD12890E248FABAA002B0BBE /* PostRequest.swift */ = {isa = PBXFileReference; lastKnownFileType = sourcecode.swift; path = PostRequest.swift; sourceTree = "<group>"; };
		DD46BB11248F9A350064A488 /* LogoImages.swift */ = {isa = PBXFileReference; lastKnownFileType = sourcecode.swift; path = LogoImages.swift; sourceTree = "<group>"; };
		DD59BBFF248ECA1B009FE831 /* SurpriseMe.app */ = {isa = PBXFileReference; explicitFileType = wrapper.application; includeInIndex = 0; path = SurpriseMe.app; sourceTree = BUILT_PRODUCTS_DIR; };
		DD59BC02248ECA1B009FE831 /* AppDelegate.swift */ = {isa = PBXFileReference; lastKnownFileType = sourcecode.swift; path = AppDelegate.swift; sourceTree = "<group>"; };
		DD59BC06248ECA1B009FE831 /* MainViewController.swift */ = {isa = PBXFileReference; lastKnownFileType = sourcecode.swift; path = MainViewController.swift; sourceTree = "<group>"; };
		DD59BC09248ECA1B009FE831 /* Base */ = {isa = PBXFileReference; lastKnownFileType = file.storyboard; name = Base; path = Base.lproj/Main.storyboard; sourceTree = "<group>"; };
		DD59BC0B248ECA1C009FE831 /* Assets.xcassets */ = {isa = PBXFileReference; lastKnownFileType = folder.assetcatalog; path = Assets.xcassets; sourceTree = "<group>"; };
		DD59BC0E248ECA1C009FE831 /* Base */ = {isa = PBXFileReference; lastKnownFileType = file.storyboard; name = Base; path = Base.lproj/LaunchScreen.storyboard; sourceTree = "<group>"; };
		DD59BC10248ECA1C009FE831 /* Info.plist */ = {isa = PBXFileReference; lastKnownFileType = text.plist.xml; path = Info.plist; sourceTree = "<group>"; };
		DD59BC17248ED7FA009FE831 /* CountryFlag.swift */ = {isa = PBXFileReference; lastKnownFileType = sourcecode.swift; path = CountryFlag.swift; sourceTree = "<group>"; };
		DD915B9A248F27550086E8CC /* UserCredentials.swift */ = {isa = PBXFileReference; lastKnownFileType = sourcecode.swift; path = UserCredentials.swift; sourceTree = "<group>"; };
		DD915BC4248F4E640086E8CC /* GetImage.swift */ = {isa = PBXFileReference; lastKnownFileType = sourcecode.swift; path = GetImage.swift; sourceTree = "<group>"; };
		DD915BD0248F69C90086E8CC /* PhoneNumberConverter.swift */ = {isa = PBXFileReference; fileEncoding = 4; lastKnownFileType = sourcecode.swift; path = PhoneNumberConverter.swift; sourceTree = "<group>"; };
		DD915BD2248F7CC40086E8CC /* CodeTextField.swift */ = {isa = PBXFileReference; lastKnownFileType = sourcecode.swift; path = CodeTextField.swift; sourceTree = "<group>"; };
		DDB7DC20248F8800005B4228 /* SignInViewController.swift */ = {isa = PBXFileReference; lastKnownFileType = sourcecode.swift; path = SignInViewController.swift; sourceTree = "<group>"; };
		DDD034F5248EE39000783279 /* ShadowButton.swift */ = {isa = PBXFileReference; lastKnownFileType = sourcecode.swift; path = ShadowButton.swift; sourceTree = "<group>"; };
		DDF2A674248EF94800150E29 /* Font Awesome 5 Free-Solid-900.otf */ = {isa = PBXFileReference; lastKnownFileType = file; path = "Font Awesome 5 Free-Solid-900.otf"; sourceTree = "<group>"; };
/* End PBXFileReference section */

/* Begin PBXFrameworksBuildPhase section */
		DD59BBFC248ECA1B009FE831 /* Frameworks */ = {
			isa = PBXFrameworksBuildPhase;
			buildActionMask = 2147483647;
			files = (
				F318944CC00B4CE878715748 /* Pods_SurpriseMe.framework in Frameworks */,
			);
			runOnlyForDeploymentPostprocessing = 0;
		};
/* End PBXFrameworksBuildPhase section */

/* Begin PBXGroup section */
		4619A5382E1A9845EE8B867E /* Frameworks */ = {
			isa = PBXGroup;
			children = (
				B113B394824FF8B0C6062C85 /* Pods_SurpriseMe.framework */,
			);
			name = Frameworks;
			sourceTree = "<group>";
		};
		903A6B692B3E81F8EF6CB6AB /* Pods */ = {
			isa = PBXGroup;
			children = (
				01DA5D6D74273A7FDC8F8450 /* Pods-SurpriseMe.debug.xcconfig */,
				103109A7E3F0BD0BED29A467 /* Pods-SurpriseMe.release.xcconfig */,
			);
			path = Pods;
			sourceTree = "<group>";
		};
		DD1288F5248FA28F002B0BBE /* UI */ = {
			isa = PBXGroup;
			children = (
				DDD034F5248EE39000783279 /* ShadowButton.swift */,
				DD1288F3248FA26D002B0BBE /* BorderView.swift */,
				DD915BD2248F7CC40086E8CC /* CodeTextField.swift */,
			);
			path = UI;
			sourceTree = "<group>";
		};
		DD128900248FA651002B0BBE /* CodeVerificationViewController */ = {
			isa = PBXGroup;
			children = (
				DD1288FE248FA629002B0BBE /* SetUpTextFieldDelegates.swift */,
			);
			path = CodeVerificationViewController;
			sourceTree = "<group>";
		};
		DD128903248FA6A8002B0BBE /* MainViewController */ = {
			isa = PBXGroup;
			children = (
				DD915BD0248F69C90086E8CC /* PhoneNumberConverter.swift */,
				DD59BC17248ED7FA009FE831 /* CountryFlag.swift */,
				DD12890D248FA9C7002B0BBE /* UI */,
			);
			path = MainViewController;
			sourceTree = "<group>";
		};
		DD128908248FA761002B0BBE /* SignInViewController */ = {
			isa = PBXGroup;
			children = (
				DD46BB11248F9A350064A488 /* LogoImages.swift */,
			);
			path = SignInViewController;
			sourceTree = "<group>";
		};
		DD12890D248FA9C7002B0BBE /* UI */ = {
			isa = PBXGroup;
			children = (
				DD12890B248FA832002B0BBE /* SetUpMainViewController.swift */,
				DD128909248FA818002B0BBE /* FreeSpaceForKeyboard.swift */,
				DD128904248FA6D8002B0BBE /* ResetUI.swift */,
				DD128906248FA71A002B0BBE /* UpdatePhoneNumber.swift */,
			);
			path = UI;
			sourceTree = "<group>";
		};
		DD59BBF6248ECA1B009FE831 = {
			isa = PBXGroup;
			children = (
				DD59BC01248ECA1B009FE831 /* SurpriseMe */,
				DD59BC00248ECA1B009FE831 /* Products */,
				903A6B692B3E81F8EF6CB6AB /* Pods */,
				4619A5382E1A9845EE8B867E /* Frameworks */,
			);
			sourceTree = "<group>";
		};
		DD59BC00248ECA1B009FE831 /* Products */ = {
			isa = PBXGroup;
			children = (
				DD59BBFF248ECA1B009FE831 /* SurpriseMe.app */,
			);
			name = Products;
			sourceTree = "<group>";
		};
		DD59BC01248ECA1B009FE831 /* SurpriseMe */ = {
			isa = PBXGroup;
			children = (
				DDD034F4248EE38200783279 /* Model */,
				DD915B9C248F280A0086E8CC /* View */,
				DD59BC16248ED7C1009FE831 /* ViewModel */,
				DD915BC3248F4E530086E8CC /* Networking */,
				DD59BC02248ECA1B009FE831 /* AppDelegate.swift */,
				DD59BC08248ECA1B009FE831 /* Main.storyboard */,
				DD59BC0B248ECA1C009FE831 /* Assets.xcassets */,
				DDF2A673248EF93100150E29 /* Fonts */,
				DD59BC0D248ECA1C009FE831 /* LaunchScreen.storyboard */,
				DD59BC10248ECA1C009FE831 /* Info.plist */,
			);
			path = SurpriseMe;
			sourceTree = "<group>";
		};
		DD59BC16248ED7C1009FE831 /* ViewModel */ = {
			isa = PBXGroup;
			children = (
				DD128903248FA6A8002B0BBE /* MainViewController */,
				DD128900248FA651002B0BBE /* CodeVerificationViewController */,
				DD128908248FA761002B0BBE /* SignInViewController */,
			);
			path = ViewModel;
			sourceTree = "<group>";
		};
		DD915B9C248F280A0086E8CC /* View */ = {
			isa = PBXGroup;
			children = (
				DD59BC06248ECA1B009FE831 /* MainViewController.swift */,
				DD1288F8248FA334002B0BBE /* CodeVerificationViewController.swift */,
				DDB7DC20248F8800005B4228 /* SignInViewController.swift */,
			);
			path = View;
			sourceTree = "<group>";
		};
		DD915BC3248F4E530086E8CC /* Networking */ = {
			isa = PBXGroup;
			children = (
				DD915BC4248F4E640086E8CC /* GetImage.swift */,
				DD12890E248FABAA002B0BBE /* PostRequest.swift */,
			);
			path = Networking;
			sourceTree = "<group>";
		};
		DDD034F4248EE38200783279 /* Model */ = {
			isa = PBXGroup;
			children = (
				DD915B9A248F27550086E8CC /* UserCredentials.swift */,
				DD1288F5248FA28F002B0BBE /* UI */,
			);
			path = Model;
			sourceTree = "<group>";
		};
		DDF2A673248EF93100150E29 /* Fonts */ = {
			isa = PBXGroup;
			children = (
				DDF2A674248EF94800150E29 /* Font Awesome 5 Free-Solid-900.otf */,
			);
			path = Fonts;
			sourceTree = "<group>";
		};
/* End PBXGroup section */

/* Begin PBXNativeTarget section */
		DD59BBFE248ECA1B009FE831 /* SurpriseMe */ = {
			isa = PBXNativeTarget;
			buildConfigurationList = DD59BC13248ECA1C009FE831 /* Build configuration list for PBXNativeTarget "SurpriseMe" */;
			buildPhases = (
				7128E504176A02EEE19C7C6C /* [CP] Check Pods Manifest.lock */,
				DD59BBFB248ECA1B009FE831 /* Sources */,
				DD59BBFC248ECA1B009FE831 /* Frameworks */,
				DD59BBFD248ECA1B009FE831 /* Resources */,
				A73ED1D48401757C09D7C17D /* [CP] Embed Pods Frameworks */,
			);
			buildRules = (
			);
			dependencies = (
			);
			name = SurpriseMe;
			productName = SurpriseMe;
			productReference = DD59BBFF248ECA1B009FE831 /* SurpriseMe.app */;
			productType = "com.apple.product-type.application";
		};
/* End PBXNativeTarget section */

/* Begin PBXProject section */
		DD59BBF7248ECA1B009FE831 /* Project object */ = {
			isa = PBXProject;
			attributes = {
				LastSwiftUpdateCheck = 1130;
				LastUpgradeCheck = 1130;
				ORGANIZATIONNAME = "Vadim Shalugin";
				TargetAttributes = {
					DD59BBFE248ECA1B009FE831 = {
						CreatedOnToolsVersion = 11.3;
					};
				};
			};
			buildConfigurationList = DD59BBFA248ECA1B009FE831 /* Build configuration list for PBXProject "SurpriseMe" */;
			compatibilityVersion = "Xcode 9.3";
			developmentRegion = en;
			hasScannedForEncodings = 0;
			knownRegions = (
				en,
				Base,
			);
			mainGroup = DD59BBF6248ECA1B009FE831;
			productRefGroup = DD59BC00248ECA1B009FE831 /* Products */;
			projectDirPath = "";
			projectRoot = "";
			targets = (
				DD59BBFE248ECA1B009FE831 /* SurpriseMe */,
			);
		};
/* End PBXProject section */

/* Begin PBXResourcesBuildPhase section */
		DD59BBFD248ECA1B009FE831 /* Resources */ = {
			isa = PBXResourcesBuildPhase;
			buildActionMask = 2147483647;
			files = (
				DD59BC0F248ECA1C009FE831 /* LaunchScreen.storyboard in Resources */,
				DD59BC0C248ECA1C009FE831 /* Assets.xcassets in Resources */,
				DD59BC0A248ECA1B009FE831 /* Main.storyboard in Resources */,
				DDF2A675248EF94800150E29 /* Font Awesome 5 Free-Solid-900.otf in Resources */,
			);
			runOnlyForDeploymentPostprocessing = 0;
		};
/* End PBXResourcesBuildPhase section */

/* Begin PBXShellScriptBuildPhase section */
		7128E504176A02EEE19C7C6C /* [CP] Check Pods Manifest.lock */ = {
			isa = PBXShellScriptBuildPhase;
			buildActionMask = 2147483647;
			files = (
			);
			inputFileListPaths = (
			);
			inputPaths = (
				"${PODS_PODFILE_DIR_PATH}/Podfile.lock",
				"${PODS_ROOT}/Manifest.lock",
			);
			name = "[CP] Check Pods Manifest.lock";
			outputFileListPaths = (
			);
			outputPaths = (
				"$(DERIVED_FILE_DIR)/Pods-SurpriseMe-checkManifestLockResult.txt",
			);
			runOnlyForDeploymentPostprocessing = 0;
			shellPath = /bin/sh;
			shellScript = "diff \"${PODS_PODFILE_DIR_PATH}/Podfile.lock\" \"${PODS_ROOT}/Manifest.lock\" > /dev/null\nif [ $? != 0 ] ; then\n    # print error to STDERR\n    echo \"error: The sandbox is not in sync with the Podfile.lock. Run 'pod install' or update your CocoaPods installation.\" >&2\n    exit 1\nfi\n# This output is used by Xcode 'outputs' to avoid re-running this script phase.\necho \"SUCCESS\" > \"${SCRIPT_OUTPUT_FILE_0}\"\n";
			showEnvVarsInLog = 0;
		};
		A73ED1D48401757C09D7C17D /* [CP] Embed Pods Frameworks */ = {
			isa = PBXShellScriptBuildPhase;
			buildActionMask = 2147483647;
			files = (
			);
			inputFileListPaths = (
				"${PODS_ROOT}/Target Support Files/Pods-SurpriseMe/Pods-SurpriseMe-frameworks-${CONFIGURATION}-input-files.xcfilelist",
			);
			name = "[CP] Embed Pods Frameworks";
			outputFileListPaths = (
				"${PODS_ROOT}/Target Support Files/Pods-SurpriseMe/Pods-SurpriseMe-frameworks-${CONFIGURATION}-output-files.xcfilelist",
			);
			runOnlyForDeploymentPostprocessing = 0;
			shellPath = /bin/sh;
			shellScript = "\"${PODS_ROOT}/Target Support Files/Pods-SurpriseMe/Pods-SurpriseMe-frameworks.sh\"\n";
			showEnvVarsInLog = 0;
		};
/* End PBXShellScriptBuildPhase section */

/* Begin PBXSourcesBuildPhase section */
		DD59BBFB248ECA1B009FE831 /* Sources */ = {
			isa = PBXSourcesBuildPhase;
			buildActionMask = 2147483647;
			files = (
				DD1288FF248FA629002B0BBE /* SetUpTextFieldDelegates.swift in Sources */,
				DDB7DC21248F8800005B4228 /* SignInViewController.swift in Sources */,
				DD59BC07248ECA1B009FE831 /* MainViewController.swift in Sources */,
				DD59BC18248ED7FA009FE831 /* CountryFlag.swift in Sources */,
				DD915BD3248F7CC40086E8CC /* CodeTextField.swift in Sources */,
				DD12890C248FA832002B0BBE /* SetUpMainViewController.swift in Sources */,
				DD1288F9248FA334002B0BBE /* CodeVerificationViewController.swift in Sources */,
				DD12890F248FABAA002B0BBE /* PostRequest.swift in Sources */,
				DD128907248FA71A002B0BBE /* UpdatePhoneNumber.swift in Sources */,
				DD59BC03248ECA1B009FE831 /* AppDelegate.swift in Sources */,
				DD12890A248FA818002B0BBE /* FreeSpaceForKeyboard.swift in Sources */,
				DD915BC5248F4E640086E8CC /* GetImage.swift in Sources */,
				DD128905248FA6D8002B0BBE /* ResetUI.swift in Sources */,
				DDD034F6248EE39000783279 /* ShadowButton.swift in Sources */,
				DD915BD1248F69C90086E8CC /* PhoneNumberConverter.swift in Sources */,
				DD915B9B248F27550086E8CC /* UserCredentials.swift in Sources */,
				DD46BB12248F9A350064A488 /* LogoImages.swift in Sources */,
				DD1288F4248FA26D002B0BBE /* BorderView.swift in Sources */,
			);
			runOnlyForDeploymentPostprocessing = 0;
		};
/* End PBXSourcesBuildPhase section */

/* Begin PBXVariantGroup section */
		DD59BC08248ECA1B009FE831 /* Main.storyboard */ = {
			isa = PBXVariantGroup;
			children = (
				DD59BC09248ECA1B009FE831 /* Base */,
			);
			name = Main.storyboard;
			sourceTree = "<group>";
		};
		DD59BC0D248ECA1C009FE831 /* LaunchScreen.storyboard */ = {
			isa = PBXVariantGroup;
			children = (
				DD59BC0E248ECA1C009FE831 /* Base */,
			);
			name = LaunchScreen.storyboard;
			sourceTree = "<group>";
		};
/* End PBXVariantGroup section */

/* Begin XCBuildConfiguration section */
		DD59BC11248ECA1C009FE831 /* Debug */ = {
			isa = XCBuildConfiguration;
			buildSettings = {
				ALWAYS_SEARCH_USER_PATHS = NO;
				CLANG_ANALYZER_NONNULL = YES;
				CLANG_ANALYZER_NUMBER_OBJECT_CONVERSION = YES_AGGRESSIVE;
				CLANG_CXX_LANGUAGE_STANDARD = "gnu++14";
				CLANG_CXX_LIBRARY = "libc++";
				CLANG_ENABLE_MODULES = YES;
				CLANG_ENABLE_OBJC_ARC = YES;
				CLANG_ENABLE_OBJC_WEAK = YES;
				CLANG_WARN_BLOCK_CAPTURE_AUTORELEASING = YES;
				CLANG_WARN_BOOL_CONVERSION = YES;
				CLANG_WARN_COMMA = YES;
				CLANG_WARN_CONSTANT_CONVERSION = YES;
				CLANG_WARN_DEPRECATED_OBJC_IMPLEMENTATIONS = YES;
				CLANG_WARN_DIRECT_OBJC_ISA_USAGE = YES_ERROR;
				CLANG_WARN_DOCUMENTATION_COMMENTS = YES;
				CLANG_WARN_EMPTY_BODY = YES;
				CLANG_WARN_ENUM_CONVERSION = YES;
				CLANG_WARN_INFINITE_RECURSION = YES;
				CLANG_WARN_INT_CONVERSION = YES;
				CLANG_WARN_NON_LITERAL_NULL_CONVERSION = YES;
				CLANG_WARN_OBJC_IMPLICIT_RETAIN_SELF = YES;
				CLANG_WARN_OBJC_LITERAL_CONVERSION = YES;
				CLANG_WARN_OBJC_ROOT_CLASS = YES_ERROR;
				CLANG_WARN_RANGE_LOOP_ANALYSIS = YES;
				CLANG_WARN_STRICT_PROTOTYPES = YES;
				CLANG_WARN_SUSPICIOUS_MOVE = YES;
				CLANG_WARN_UNGUARDED_AVAILABILITY = YES_AGGRESSIVE;
				CLANG_WARN_UNREACHABLE_CODE = YES;
				CLANG_WARN__DUPLICATE_METHOD_MATCH = YES;
				COPY_PHASE_STRIP = NO;
				DEBUG_INFORMATION_FORMAT = dwarf;
				ENABLE_STRICT_OBJC_MSGSEND = YES;
				ENABLE_TESTABILITY = YES;
				GCC_C_LANGUAGE_STANDARD = gnu11;
				GCC_DYNAMIC_NO_PIC = NO;
				GCC_NO_COMMON_BLOCKS = YES;
				GCC_OPTIMIZATION_LEVEL = 0;
				GCC_PREPROCESSOR_DEFINITIONS = (
					"DEBUG=1",
					"$(inherited)",
				);
				GCC_WARN_64_TO_32_BIT_CONVERSION = YES;
				GCC_WARN_ABOUT_RETURN_TYPE = YES_ERROR;
				GCC_WARN_UNDECLARED_SELECTOR = YES;
				GCC_WARN_UNINITIALIZED_AUTOS = YES_AGGRESSIVE;
				GCC_WARN_UNUSED_FUNCTION = YES;
				GCC_WARN_UNUSED_VARIABLE = YES;
				IPHONEOS_DEPLOYMENT_TARGET = 13.2;
				MTL_ENABLE_DEBUG_INFO = INCLUDE_SOURCE;
				MTL_FAST_MATH = YES;
				ONLY_ACTIVE_ARCH = YES;
				SDKROOT = iphoneos;
				SWIFT_ACTIVE_COMPILATION_CONDITIONS = DEBUG;
				SWIFT_OPTIMIZATION_LEVEL = "-Onone";
			};
			name = Debug;
		};
		DD59BC12248ECA1C009FE831 /* Release */ = {
			isa = XCBuildConfiguration;
			buildSettings = {
				ALWAYS_SEARCH_USER_PATHS = NO;
				CLANG_ANALYZER_NONNULL = YES;
				CLANG_ANALYZER_NUMBER_OBJECT_CONVERSION = YES_AGGRESSIVE;
				CLANG_CXX_LANGUAGE_STANDARD = "gnu++14";
				CLANG_CXX_LIBRARY = "libc++";
				CLANG_ENABLE_MODULES = YES;
				CLANG_ENABLE_OBJC_ARC = YES;
				CLANG_ENABLE_OBJC_WEAK = YES;
				CLANG_WARN_BLOCK_CAPTURE_AUTORELEASING = YES;
				CLANG_WARN_BOOL_CONVERSION = YES;
				CLANG_WARN_COMMA = YES;
				CLANG_WARN_CONSTANT_CONVERSION = YES;
				CLANG_WARN_DEPRECATED_OBJC_IMPLEMENTATIONS = YES;
				CLANG_WARN_DIRECT_OBJC_ISA_USAGE = YES_ERROR;
				CLANG_WARN_DOCUMENTATION_COMMENTS = YES;
				CLANG_WARN_EMPTY_BODY = YES;
				CLANG_WARN_ENUM_CONVERSION = YES;
				CLANG_WARN_INFINITE_RECURSION = YES;
				CLANG_WARN_INT_CONVERSION = YES;
				CLANG_WARN_NON_LITERAL_NULL_CONVERSION = YES;
				CLANG_WARN_OBJC_IMPLICIT_RETAIN_SELF = YES;
				CLANG_WARN_OBJC_LITERAL_CONVERSION = YES;
				CLANG_WARN_OBJC_ROOT_CLASS = YES_ERROR;
				CLANG_WARN_RANGE_LOOP_ANALYSIS = YES;
				CLANG_WARN_STRICT_PROTOTYPES = YES;
				CLANG_WARN_SUSPICIOUS_MOVE = YES;
				CLANG_WARN_UNGUARDED_AVAILABILITY = YES_AGGRESSIVE;
				CLANG_WARN_UNREACHABLE_CODE = YES;
				CLANG_WARN__DUPLICATE_METHOD_MATCH = YES;
				COPY_PHASE_STRIP = NO;
				DEBUG_INFORMATION_FORMAT = "dwarf-with-dsym";
				ENABLE_NS_ASSERTIONS = NO;
				ENABLE_STRICT_OBJC_MSGSEND = YES;
				GCC_C_LANGUAGE_STANDARD = gnu11;
				GCC_NO_COMMON_BLOCKS = YES;
				GCC_WARN_64_TO_32_BIT_CONVERSION = YES;
				GCC_WARN_ABOUT_RETURN_TYPE = YES_ERROR;
				GCC_WARN_UNDECLARED_SELECTOR = YES;
				GCC_WARN_UNINITIALIZED_AUTOS = YES_AGGRESSIVE;
				GCC_WARN_UNUSED_FUNCTION = YES;
				GCC_WARN_UNUSED_VARIABLE = YES;
				IPHONEOS_DEPLOYMENT_TARGET = 13.2;
				MTL_ENABLE_DEBUG_INFO = NO;
				MTL_FAST_MATH = YES;
				SDKROOT = iphoneos;
				SWIFT_COMPILATION_MODE = wholemodule;
				SWIFT_OPTIMIZATION_LEVEL = "-O";
				VALIDATE_PRODUCT = YES;
			};
			name = Release;
		};
		DD59BC14248ECA1C009FE831 /* Debug */ = {
			isa = XCBuildConfiguration;
			baseConfigurationReference = 01DA5D6D74273A7FDC8F8450 /* Pods-SurpriseMe.debug.xcconfig */;
			buildSettings = {
				ASSETCATALOG_COMPILER_APPICON_NAME = AppIcon;
				CODE_SIGN_STYLE = Automatic;
				DEVELOPMENT_TEAM = 2QFAHY4PT3;
				INFOPLIST_FILE = SurpriseMe/Info.plist;
				IPHONEOS_DEPLOYMENT_TARGET = 11.0;
				LD_RUNPATH_SEARCH_PATHS = (
					"$(inherited)",
					"@executable_path/Frameworks",
				);
				PRODUCT_BUNDLE_IDENTIFIER = com.shalugin.SurpriseMe;
				PRODUCT_NAME = "$(TARGET_NAME)";
				SWIFT_VERSION = 5.0;
				TARGETED_DEVICE_FAMILY = "1,2";
			};
			name = Debug;
		};
		DD59BC15248ECA1C009FE831 /* Release */ = {
			isa = XCBuildConfiguration;
			baseConfigurationReference = 103109A7E3F0BD0BED29A467 /* Pods-SurpriseMe.release.xcconfig */;
			buildSettings = {
				ASSETCATALOG_COMPILER_APPICON_NAME = AppIcon;
				CODE_SIGN_STYLE = Automatic;
				DEVELOPMENT_TEAM = 2QFAHY4PT3;
				INFOPLIST_FILE = SurpriseMe/Info.plist;
				IPHONEOS_DEPLOYMENT_TARGET = 11.0;
				LD_RUNPATH_SEARCH_PATHS = (
					"$(inherited)",
					"@executable_path/Frameworks",
				);
				PRODUCT_BUNDLE_IDENTIFIER = com.shalugin.SurpriseMe;
				PRODUCT_NAME = "$(TARGET_NAME)";
				SWIFT_VERSION = 5.0;
				TARGETED_DEVICE_FAMILY = "1,2";
			};
			name = Release;
		};
/* End XCBuildConfiguration section */

/* Begin XCConfigurationList section */
		DD59BBFA248ECA1B009FE831 /* Build configuration list for PBXProject "SurpriseMe" */ = {
			isa = XCConfigurationList;
			buildConfigurations = (
				DD59BC11248ECA1C009FE831 /* Debug */,
				DD59BC12248ECA1C009FE831 /* Release */,
			);
			defaultConfigurationIsVisible = 0;
			defaultConfigurationName = Release;
		};
		DD59BC13248ECA1C009FE831 /* Build configuration list for PBXNativeTarget "SurpriseMe" */ = {
			isa = XCConfigurationList;
			buildConfigurations = (
				DD59BC14248ECA1C009FE831 /* Debug */,
				DD59BC15248ECA1C009FE831 /* Release */,
			);
			defaultConfigurationIsVisible = 0;
			defaultConfigurationName = Release;
		};
/* End XCConfigurationList section */
	};
	rootObject = DD59BBF7248ECA1B009FE831 /* Project object */;
}
